<?xml version="1.0" encoding="utf-8"?>
<Project ToolsVersion="4.0" xmlns="http://schemas.microsoft.com/developer/msbuild/2003">
  <ItemGroup>
    <Filter Include="源文件">
      <UniqueIdentifier>{4FC737F1-C7A5-4376-A066-2A32D752A2FF}</UniqueIdentifier>
      <Extensions>cpp;c;cc;cxx;def;odl;idl;hpj;bat;asm;asmx</Extensions>
    </Filter>
    <Filter Include="头文件">
      <UniqueIdentifier>{93995380-89BD-4b04-88EB-625FBE52EBFB}</UniqueIdentifier>
      <Extensions>h;hh;hpp;hxx;hm;inl;inc;ipp;xsd</Extensions>
    </Filter>
    <Filter Include="资源文件">
      <UniqueIdentifier>{67DA6AB6-F800-4c08-8B7A-83BB121AAD01}</UniqueIdentifier>
      <Extensions>rc;ico;cur;bmp;dlg;rc2;rct;bin;rgs;gif;jpg;jpeg;jpe;resx;tiff;tif;png;wav;mfcribbon-ms</Extensions>
    </Filter>
    <Filter Include="源文件\function_demo">
      <UniqueIdentifier>{87059cc7-921f-4703-864e-c7611d7db236}</UniqueIdentifier>
    </Filter>
    <Filter Include="源文件\image_processing">
      <UniqueIdentifier>{ef9f71e2-a81b-4603-9a6c-113831113e0e}</UniqueIdentifier>
    </Filter>
  </ItemGroup>
  <ItemGroup>
    <ClCompile Include="demo.cpp">
      <Filter>源文件</Filter>
    </ClCompile>
    <ClCompile Include="main.cpp">
      <Filter>源文件</Filter>
    </ClCompile>
    <ClCompile Include="disp2Depth.cpp">
      <Filter>源文件\function_demo</Filter>
    </ClCompile>
    <ClCompile Include="img2Disp.cpp">
      <Filter>源文件\function_demo</Filter>
    </ClCompile>
    <ClCompile Include="stereobm.cpp">
      <Filter>源文件\function_demo</Filter>
    </ClCompile>
    <ClCompile Include="stereoBM_CSDN.cpp">
      <Filter>源文件\function_demo</Filter>
    </ClCompile>
    <ClCompile Include="stereosgbm.cpp">
      <Filter>源文件\function_demo</Filter>
    </ClCompile>
    <ClCompile Include="CV_imageTransform.cpp">
      <Filter>源文件</Filter>
    </ClCompile>
    <ClCompile Include="edge_detection.cpp">
      <Filter>源文件\image_processing</Filter>
    </ClCompile>
    <ClCompile Include="feature_match.cpp">
      <Filter>源文件\image_processing</Filter>
    </ClCompile>
    <ClCompile Include="threshold_seg.cpp">
      <Filter>源文件\image_processing</Filter>
    </ClCompile>
  </ItemGroup>
  <ItemGroup>
    <ClInclude Include="calib3d_c.h">
      <Filter>头文件</Filter>
    </ClInclude>
  </ItemGroup>
</Project>